// !$*UTF8*$!
{
	archiveVersion = 1;
	classes = {
	};
	objectVersion = 46;
	objects = {

/* Begin PBXGroup section */
		6D8FAEB11E1177AD0087E091 = {
			isa = PBXGroup;
			children = (
			);
			sourceTree = "<group>";
		};
/* End PBXGroup section */

/* Begin PBXProject section */
		6D8FAEB21E1177AD0087E091 /* Project object */ = {
			isa = PBXProject;
			attributes = {
				LastUpgradeCheck = 0820;
			};
			buildConfigurationList = 6D8FAEB51E1177AD0087E091 /* Build configuration list for PBXProject "DLNetworking" */;
			compatibilityVersion = "Xcode 3.2";
			developmentRegion = English;
			hasScannedForEncodings = 0;
			knownRegions = (
				en,
			);
			mainGroup = 6D8FAEB11E1177AD0087E091;
			projectDirPath = "";
			projectRoot = "";
			targets = (
			);
		};
/* End PBXProject section */

/* Begin XCBuildConfiguration section */
		6D8FAEB61E1177AD0087E091 /* Debug */ = {
			isa = XCBuildConfiguration;
			buildSettings = {
			};
			name = Debug;
		};
		6D8FAEB71E1177AD0087E091 /* Release */ = {
			isa = XCBuildConfiguration;
			buildSettings = {
			};
			name = Release;
		};
/* End XCBuildConfiguration section */

/* Begin XCConfigurationList section */
		6D8FAEB51E1177AD0087E091 /* Build configuration list for PBXProject "DLNetworking" */ = {
			isa = XCConfigurationList;
			buildConfigurations = (
				6D8FAEB61E1177AD0087E091 /* Debug */,
				6D8FAEB71E1177AD0087E091 /* Release */,
			);
			defaultConfigurationIsVisible = 0;
			defaultConfigurationName = Release;
		};
/* End XCConfigurationList section */
	};
	rootObject = 6D8FAEB21E1177AD0087E091 /* Project object */;
}
